
Microsoft Visual Studio Solution File, Format Version 12.00
# Visual Studio Version 17
VisualStudioVersion = 17.3.32825.248
MinimumVisualStudioVersion = 10.0.40219.1
Project("{FAE04EC0-301F-11D3-BF4B-00C04F79EFBC}") = "CIS200E2P3", "CIS200E2P3\CIS200E2P3.csproj", "{28A072C0-DCC9-467D-AB37-3A5C38B8D306}"
EndProject
Global
	GlobalSection(SolutionConfigurationPlatforms) = preSolution
		Debug|Any CPU = Debug|Any CPU
		Release|Any CPU = Release|Any CPU
	EndGlobalSection
	GlobalSection(ProjectConfigurationPlatforms) = postSolution
		{28A072C0-DCC9-467D-AB37-3A5C38B8D306}.Debug|Any CPU.ActiveCfg = Debug|Any CPU
		{28A072C0-DCC9-467D-AB37-3A5C38B8D306}.Debug|Any CPU.Build.0 = Debug|Any CPU
		{28A072C0-DCC9-467D-AB37-3A5C38B8D306}.Release|Any CPU.ActiveCfg = Release|Any CPU
		{28A072C0-DCC9-467D-AB37-3A5C38B8D306}.Release|Any CPU.Build.0 = Release|Any CPU
	EndGlobalSection
	GlobalSection(SolutionProperties) = preSolution
		HideSolutionNode = FALSE
	EndGlobalSection
	GlobalSection(ExtensibilityGlobals) = postSolution
		SolutionGuid = {BFA03F19-016C-4403-82D3-E6FA1A7E61AA}
	EndGlobalSection
EndGlobal
