
Microsoft Visual Studio Solution File, Format Version 12.00
# Visual Studio Version 16
VisualStudioVersion = 16.0.31005.135
MinimumVisualStudioVersion = 10.0.40219.1
Project("{FAE04EC0-301F-11D3-BF4B-00C04F79EFBC}") = "Program 2", "Program 2\Program 2.csproj", "{BB15AE0F-298B-4316-BD5E-5B1E78763D29}"
EndProject
Global
	GlobalSection(SolutionConfigurationPlatforms) = preSolution
		Debug|Any CPU = Debug|Any CPU
		Release|Any CPU = Release|Any CPU
	EndGlobalSection
	GlobalSection(ProjectConfigurationPlatforms) = postSolution
		{BB15AE0F-298B-4316-BD5E-5B1E78763D29}.Debug|Any CPU.ActiveCfg = Debug|Any CPU
		{BB15AE0F-298B-4316-BD5E-5B1E78763D29}.Debug|Any CPU.Build.0 = Debug|Any CPU
		{BB15AE0F-298B-4316-BD5E-5B1E78763D29}.Release|Any CPU.ActiveCfg = Release|Any CPU
		{BB15AE0F-298B-4316-BD5E-5B1E78763D29}.Release|Any CPU.Build.0 = Release|Any CPU
	EndGlobalSection
	GlobalSection(SolutionProperties) = preSolution
		HideSolutionNode = FALSE
	EndGlobalSection
	GlobalSection(ExtensibilityGlobals) = postSolution
		SolutionGuid = {D7E463B4-7EF8-439F-9787-48CAEE628FF9}
	EndGlobalSection
EndGlobal
