
Microsoft Visual Studio Solution File, Format Version 12.00
# Visual Studio Version 17
VisualStudioVersion = 17.3.32825.248
MinimumVisualStudioVersion = 10.0.40219.1
Project("{FAE04EC0-301F-11D3-BF4B-00C04F79EFBC}") = "Program 1A", "Program 1A\Program 1A.csproj", "{A8825185-B463-459B-9AEF-39812FC23C29}"
EndProject
Global
	GlobalSection(SolutionConfigurationPlatforms) = preSolution
		Debug|Any CPU = Debug|Any CPU
		Release|Any CPU = Release|Any CPU
	EndGlobalSection
	GlobalSection(ProjectConfigurationPlatforms) = postSolution
		{A8825185-B463-459B-9AEF-39812FC23C29}.Debug|Any CPU.ActiveCfg = Debug|Any CPU
		{A8825185-B463-459B-9AEF-39812FC23C29}.Debug|Any CPU.Build.0 = Debug|Any CPU
		{A8825185-B463-459B-9AEF-39812FC23C29}.Release|Any CPU.ActiveCfg = Release|Any CPU
		{A8825185-B463-459B-9AEF-39812FC23C29}.Release|Any CPU.Build.0 = Release|Any CPU
	EndGlobalSection
	GlobalSection(SolutionProperties) = preSolution
		HideSolutionNode = FALSE
	EndGlobalSection
	GlobalSection(ExtensibilityGlobals) = postSolution
		SolutionGuid = {6BD4C9DA-7711-4FE8-BB88-6F12948F148C}
	EndGlobalSection
EndGlobal
